
Microsoft Visual Studio Solution File, Format Version 12.00
# Visual Studio Version 17
VisualStudioVersion = 17.4.33103.184
MinimumVisualStudioVersion = 10.0.40219.1
Project("{FAE04EC0-301F-11D3-BF4B-00C04F79EFBC}") = "webapi.healthclinic", "webapi.healthclinic.csproj", "{F7F82CC0-CEE2-46D1-8559-AB62155E9843}"
EndProject
Global
	GlobalSection(SolutionConfigurationPlatforms) = preSolution
		Debug|Any CPU = Debug|Any CPU
		Release|Any CPU = Release|Any CPU
	EndGlobalSection
	GlobalSection(ProjectConfigurationPlatforms) = postSolution
		{F7F82CC0-CEE2-46D1-8559-AB62155E9843}.Debug|Any CPU.ActiveCfg = Debug|Any CPU
		{F7F82CC0-CEE2-46D1-8559-AB62155E9843}.Debug|Any CPU.Build.0 = Debug|Any CPU
		{F7F82CC0-CEE2-46D1-8559-AB62155E9843}.Release|Any CPU.ActiveCfg = Release|Any CPU
		{F7F82CC0-CEE2-46D1-8559-AB62155E9843}.Release|Any CPU.Build.0 = Release|Any CPU
	EndGlobalSection
	GlobalSection(SolutionProperties) = preSolution
		HideSolutionNode = FALSE
	EndGlobalSection
	GlobalSection(ExtensibilityGlobals) = postSolution
		SolutionGuid = {28DB72E7-10F9-4C30-8960-8B1885C2E132}
	EndGlobalSection
EndGlobal
